
Microsoft Visual Studio Solution File, Format Version 12.00
# Visual Studio Version 17
VisualStudioVersion = 17.8.34330.188
MinimumVisualStudioVersion = 10.0.40219.1
Project("{FAE04EC0-301F-11D3-BF4B-00C04F79EFBC}") = "Supply-Management-XYZ.Server", "Supply-Management-XYZ.Server\Supply-Management-XYZ.Server.csproj", "{CA7AF21D-CEB8-4482-B6BB-F00C5311350D}"
EndProject
Project("{54A90642-561A-4BB1-A94E-469ADEE60C69}") = "supply-management-xyz.client", "supply-management-xyz.client\supply-management-xyz.client.esproj", "{1D64A3D2-CB55-4396-A48B-141F1DAEEAD7}"
EndProject
Global
	GlobalSection(SolutionConfigurationPlatforms) = preSolution
		Debug|Any CPU = Debug|Any CPU
		Release|Any CPU = Release|Any CPU
	EndGlobalSection
	GlobalSection(ProjectConfigurationPlatforms) = postSolution
		{CA7AF21D-CEB8-4482-B6BB-F00C5311350D}.Debug|Any CPU.ActiveCfg = Debug|Any CPU
		{CA7AF21D-CEB8-4482-B6BB-F00C5311350D}.Debug|Any CPU.Build.0 = Debug|Any CPU
		{CA7AF21D-CEB8-4482-B6BB-F00C5311350D}.Release|Any CPU.ActiveCfg = Release|Any CPU
		{CA7AF21D-CEB8-4482-B6BB-F00C5311350D}.Release|Any CPU.Build.0 = Release|Any CPU
		{1D64A3D2-CB55-4396-A48B-141F1DAEEAD7}.Debug|Any CPU.ActiveCfg = Debug|Any CPU
		{1D64A3D2-CB55-4396-A48B-141F1DAEEAD7}.Debug|Any CPU.Build.0 = Debug|Any CPU
		{1D64A3D2-CB55-4396-A48B-141F1DAEEAD7}.Debug|Any CPU.Deploy.0 = Debug|Any CPU
		{1D64A3D2-CB55-4396-A48B-141F1DAEEAD7}.Release|Any CPU.ActiveCfg = Release|Any CPU
		{1D64A3D2-CB55-4396-A48B-141F1DAEEAD7}.Release|Any CPU.Build.0 = Release|Any CPU
		{1D64A3D2-CB55-4396-A48B-141F1DAEEAD7}.Release|Any CPU.Deploy.0 = Release|Any CPU
	EndGlobalSection
	GlobalSection(SolutionProperties) = preSolution
		HideSolutionNode = FALSE
	EndGlobalSection
	GlobalSection(ExtensibilityGlobals) = postSolution
		SolutionGuid = {03B25F5D-392D-4F06-A7CE-B6FC2192527F}
	EndGlobalSection
EndGlobal
